
Microsoft Visual Studio Solution File, Format Version 12.00
# Visual Studio 15
VisualStudioVersion = 15.0.27004.2005
MinimumVisualStudioVersion = 10.0.40219.1
Project("{FAE04EC0-301F-11D3-BF4B-00C04F79EFBC}") = "XF.Hello.Android", "XF.Hello\XF.Hello.Android\XF.Hello.Android.csproj", "{8219B23D-6C99-433A-A8DF-2A6147736A47}"
EndProject
Project("{FAE04EC0-301F-11D3-BF4B-00C04F79EFBC}") = "XF.Hello", "XF.Hello\XF.Hello\XF.Hello.csproj", "{2510C7CD-97E2-4332-87AF-6D278D2DB9C7}"
EndProject
Project("{FAE04EC0-301F-11D3-BF4B-00C04F79EFBC}") = "XF.Hello.UWP", "XF.Hello\XF.Hello.UWP\XF.Hello.UWP.csproj", "{4D6A4265-941A-4953-9DBB-AD1941BEDBD2}"
EndProject
Project("{FAE04EC0-301F-11D3-BF4B-00C04F79EFBC}") = "XF.Hello.iOS", "XF.Hello\XF.Hello.iOS\XF.Hello.iOS.csproj", "{5663B99E-3493-4769-9376-B64AC0AF0BD9}"
EndProject
Global
	GlobalSection(SolutionConfigurationPlatforms) = preSolution
		Ad-Hoc|Any CPU = Ad-Hoc|Any CPU
		Ad-Hoc|ARM = Ad-Hoc|ARM
		Ad-Hoc|iPhone = Ad-Hoc|iPhone
		Ad-Hoc|iPhoneSimulator = Ad-Hoc|iPhoneSimulator
		Ad-Hoc|x64 = Ad-Hoc|x64
		Ad-Hoc|x86 = Ad-Hoc|x86
		AppStore|Any CPU = AppStore|Any CPU
		AppStore|ARM = AppStore|ARM
		AppStore|iPhone = AppStore|iPhone
		AppStore|iPhoneSimulator = AppStore|iPhoneSimulator
		AppStore|x64 = AppStore|x64
		AppStore|x86 = AppStore|x86
		Debug|Any CPU = Debug|Any CPU
		Debug|ARM = Debug|ARM
		Debug|iPhone = Debug|iPhone
		Debug|iPhoneSimulator = Debug|iPhoneSimulator
		Debug|x64 = Debug|x64
		Debug|x86 = Debug|x86
		Release|Any CPU = Release|Any CPU
		Release|ARM = Release|ARM
		Release|iPhone = Release|iPhone
		Release|iPhoneSimulator = Release|iPhoneSimulator
		Release|x64 = Release|x64
		Release|x86 = Release|x86
	EndGlobalSection
	GlobalSection(ProjectConfigurationPlatforms) = postSolution
		{8219B23D-6C99-433A-A8DF-2A6147736A47}.Ad-Hoc|Any CPU.ActiveCfg = Release|Any CPU
		{8219B23D-6C99-433A-A8DF-2A6147736A47}.Ad-Hoc|Any CPU.Build.0 = Release|Any CPU
		{8219B23D-6C99-433A-A8DF-2A6147736A47}.Ad-Hoc|Any CPU.Deploy.0 = Release|Any CPU
		{8219B23D-6C99-433A-A8DF-2A6147736A47}.Ad-Hoc|ARM.ActiveCfg = Release|Any CPU
		{8219B23D-6C99-433A-A8DF-2A6147736A47}.Ad-Hoc|ARM.Build.0 = Release|Any CPU
		{8219B23D-6C99-433A-A8DF-2A6147736A47}.Ad-Hoc|ARM.Deploy.0 = Release|Any CPU
		{8219B23D-6C99-433A-A8DF-2A6147736A47}.Ad-Hoc|iPhone.ActiveCfg = Release|Any CPU
		{8219B23D-6C99-433A-A8DF-2A6147736A47}.Ad-Hoc|iPhone.Build.0 = Release|Any CPU
		{8219B23D-6C99-433A-A8DF-2A6147736A47}.Ad-Hoc|iPhone.Deploy.0 = Release|Any CPU
		{8219B23D-6C99-433A-A8DF-2A6147736A47}.Ad-Hoc|iPhoneSimulator.ActiveCfg = Release|Any CPU
		{8219B23D-6C99-433A-A8DF-2A6147736A47}.Ad-Hoc|iPhoneSimulator.Build.0 = Release|Any CPU
		{8219B23D-6C99-433A-A8DF-2A6147736A47}.Ad-Hoc|iPhoneSimulator.Deploy.0 = Release|Any CPU
		{8219B23D-6C99-433A-A8DF-2A6147736A47}.Ad-Hoc|x64.ActiveCfg = Release|Any CPU
		{8219B23D-6C99-433A-A8DF-2A6147736A47}.Ad-Hoc|x64.Build.0 = Release|Any CPU
		{8219B23D-6C99-433A-A8DF-2A6147736A47}.Ad-Hoc|x64.Deploy.0 = Release|Any CPU
		{8219B23D-6C99-433A-A8DF-2A6147736A47}.Ad-Hoc|x86.ActiveCfg = Release|Any CPU
		{8219B23D-6C99-433A-A8DF-2A6147736A47}.Ad-Hoc|x86.Build.0 = Release|Any CPU
		{8219B23D-6C99-433A-A8DF-2A6147736A47}.Ad-Hoc|x86.Deploy.0 = Release|Any CPU
		{8219B23D-6C99-433A-A8DF-2A6147736A47}.AppStore|Any CPU.ActiveCfg = Release|Any CPU
		{8219B23D-6C99-433A-A8DF-2A6147736A47}.AppStore|Any CPU.Build.0 = Release|Any CPU
		{8219B23D-6C99-433A-A8DF-2A6147736A47}.AppStore|Any CPU.Deploy.0 = Release|Any CPU
		{8219B23D-6C99-433A-A8DF-2A6147736A47}.AppStore|ARM.ActiveCfg = Release|Any CPU
		{8219B23D-6C99-433A-A8DF-2A6147736A47}.AppStore|ARM.Build.0 = Release|Any CPU
		{8219B23D-6C99-433A-A8DF-2A6147736A47}.AppStore|ARM.Deploy.0 = Release|Any CPU
		{8219B23D-6C99-433A-A8DF-2A6147736A47}.AppStore|iPhone.ActiveCfg = Release|Any CPU
		{8219B23D-6C99-433A-A8DF-2A6147736A47}.AppStore|iPhone.Build.0 = Release|Any CPU
		{8219B23D-6C99-433A-A8DF-2A6147736A47}.AppStore|iPhone.Deploy.0 = Release|Any CPU
		{8219B23D-6C99-433A-A8DF-2A6147736A47}.AppStore|iPhoneSimulator.ActiveCfg = Release|Any CPU
		{8219B23D-6C99-433A-A8DF-2A6147736A47}.AppStore|iPhoneSimulator.Build.0 = Release|Any CPU
		{8219B23D-6C99-433A-A8DF-2A6147736A47}.AppStore|iPhoneSimulator.Deploy.0 = Release|Any CPU
		{8219B23D-6C99-433A-A8DF-2A6147736A47}.AppStore|x64.ActiveCfg = Release|Any CPU
		{8219B23D-6C99-433A-A8DF-2A6147736A47}.AppStore|x64.Build.0 = Release|Any CPU
		{8219B23D-6C99-433A-A8DF-2A6147736A47}.AppStore|x64.Deploy.0 = Release|Any CPU
		{8219B23D-6C99-433A-A8DF-2A6147736A47}.AppStore|x86.ActiveCfg = Release|Any CPU
		{8219B23D-6C99-433A-A8DF-2A6147736A47}.AppStore|x86.Build.0 = Release|Any CPU
		{8219B23D-6C99-433A-A8DF-2A6147736A47}.AppStore|x86.Deploy.0 = Release|Any CPU
		{8219B23D-6C99-433A-A8DF-2A6147736A47}.Debug|Any CPU.ActiveCfg = Debug|Any CPU
		{8219B23D-6C99-433A-A8DF-2A6147736A47}.Debug|Any CPU.Build.0 = Debug|Any CPU
		{8219B23D-6C99-433A-A8DF-2A6147736A47}.Debug|Any CPU.Deploy.0 = Debug|Any CPU
		{8219B23D-6C99-433A-A8DF-2A6147736A47}.Debug|ARM.ActiveCfg = Debug|Any CPU
		{8219B23D-6C99-433A-A8DF-2A6147736A47}.Debug|ARM.Build.0 = Debug|Any CPU
		{8219B23D-6C99-433A-A8DF-2A6147736A47}.Debug|ARM.Deploy.0 = Debug|Any CPU
		{8219B23D-6C99-433A-A8DF-2A6147736A47}.Debug|iPhone.ActiveCfg = Debug|Any CPU
		{8219B23D-6C99-433A-A8DF-2A6147736A47}.Debug|iPhone.Build.0 = Debug|Any CPU
		{8219B23D-6C99-433A-A8DF-2A6147736A47}.Debug|iPhone.Deploy.0 = Debug|Any CPU
		{8219B23D-6C99-433A-A8DF-2A6147736A47}.Debug|iPhoneSimulator.ActiveCfg = Debug|Any CPU
		{8219B23D-6C99-433A-A8DF-2A6147736A47}.Debug|iPhoneSimulator.Build.0 = Debug|Any CPU
		{8219B23D-6C99-433A-A8DF-2A6147736A47}.Debug|iPhoneSimulator.Deploy.0 = Debug|Any CPU
		{8219B23D-6C99-433A-A8DF-2A6147736A47}.Debug|x64.ActiveCfg = Debug|Any CPU
		{8219B23D-6C99-433A-A8DF-2A6147736A47}.Debug|x64.Build.0 = Debug|Any CPU
		{8219B23D-6C99-433A-A8DF-2A6147736A47}.Debug|x64.Deploy.0 = Debug|Any CPU
		{8219B23D-6C99-433A-A8DF-2A6147736A47}.Debug|x86.ActiveCfg = Debug|Any CPU
		{8219B23D-6C99-433A-A8DF-2A6147736A47}.Debug|x86.Build.0 = Debug|Any CPU
		{8219B23D-6C99-433A-A8DF-2A6147736A47}.Debug|x86.Deploy.0 = Debug|Any CPU
		{8219B23D-6C99-433A-A8DF-2A6147736A47}.Release|Any CPU.ActiveCfg = Release|Any CPU
		{8219B23D-6C99-433A-A8DF-2A6147736A47}.Release|Any CPU.Build.0 = Release|Any CPU
		{8219B23D-6C99-433A-A8DF-2A6147736A47}.Release|Any CPU.Deploy.0 = Release|Any CPU
		{8219B23D-6C99-433A-A8DF-2A6147736A47}.Release|ARM.ActiveCfg = Release|Any CPU
		{8219B23D-6C99-433A-A8DF-2A6147736A47}.Release|ARM.Build.0 = Release|Any CPU
		{8219B23D-6C99-433A-A8DF-2A6147736A47}.Release|ARM.Deploy.0 = Release|Any CPU
		{8219B23D-6C99-433A-A8DF-2A6147736A47}.Release|iPhone.ActiveCfg = Release|Any CPU
		{8219B23D-6C99-433A-A8DF-2A6147736A47}.Release|iPhone.Build.0 = Release|Any CPU
		{8219B23D-6C99-433A-A8DF-2A6147736A47}.Release|iPhone.Deploy.0 = Release|Any CPU
		{8219B23D-6C99-433A-A8DF-2A6147736A47}.Release|iPhoneSimulator.ActiveCfg = Release|Any CPU
		{8219B23D-6C99-433A-A8DF-2A6147736A47}.Release|iPhoneSimulator.Build.0 = Release|Any CPU
		{8219B23D-6C99-433A-A8DF-2A6147736A47}.Release|iPhoneSimulator.Deploy.0 = Release|Any CPU
		{8219B23D-6C99-433A-A8DF-2A6147736A47}.Release|x64.ActiveCfg = Release|Any CPU
		{8219B23D-6C99-433A-A8DF-2A6147736A47}.Release|x64.Build.0 = Release|Any CPU
		{8219B23D-6C99-433A-A8DF-2A6147736A47}.Release|x64.Deploy.0 = Release|Any CPU
		{8219B23D-6C99-433A-A8DF-2A6147736A47}.Release|x86.ActiveCfg = Release|Any CPU
		{8219B23D-6C99-433A-A8DF-2A6147736A47}.Release|x86.Build.0 = Release|Any CPU
		{8219B23D-6C99-433A-A8DF-2A6147736A47}.Release|x86.Deploy.0 = Release|Any CPU
		{2510C7CD-97E2-4332-87AF-6D278D2DB9C7}.Ad-Hoc|Any CPU.ActiveCfg = Release|Any CPU
		{2510C7CD-97E2-4332-87AF-6D278D2DB9C7}.Ad-Hoc|Any CPU.Build.0 = Release|Any CPU
		{2510C7CD-97E2-4332-87AF-6D278D2DB9C7}.Ad-Hoc|ARM.ActiveCfg = Release|Any CPU
		{2510C7CD-97E2-4332-87AF-6D278D2DB9C7}.Ad-Hoc|ARM.Build.0 = Release|Any CPU
		{2510C7CD-97E2-4332-87AF-6D278D2DB9C7}.Ad-Hoc|iPhone.ActiveCfg = Release|Any CPU
		{2510C7CD-97E2-4332-87AF-6D278D2DB9C7}.Ad-Hoc|iPhone.Build.0 = Release|Any CPU
		{2510C7CD-97E2-4332-87AF-6D278D2DB9C7}.Ad-Hoc|iPhoneSimulator.ActiveCfg = Release|Any CPU
		{2510C7CD-97E2-4332-87AF-6D278D2DB9C7}.Ad-Hoc|iPhoneSimulator.Build.0 = Release|Any CPU
		{2510C7CD-97E2-4332-87AF-6D278D2DB9C7}.Ad-Hoc|x64.ActiveCfg = Release|Any CPU
		{2510C7CD-97E2-4332-87AF-6D278D2DB9C7}.Ad-Hoc|x64.Build.0 = Release|Any CPU
		{2510C7CD-97E2-4332-87AF-6D278D2DB9C7}.Ad-Hoc|x86.ActiveCfg = Release|Any CPU
		{2510C7CD-97E2-4332-87AF-6D278D2DB9C7}.Ad-Hoc|x86.Build.0 = Release|Any CPU
		{2510C7CD-97E2-4332-87AF-6D278D2DB9C7}.AppStore|Any CPU.ActiveCfg = Release|Any CPU
		{2510C7CD-97E2-4332-87AF-6D278D2DB9C7}.AppStore|Any CPU.Build.0 = Release|Any CPU
		{2510C7CD-97E2-4332-87AF-6D278D2DB9C7}.AppStore|ARM.ActiveCfg = Release|Any CPU
		{2510C7CD-97E2-4332-87AF-6D278D2DB9C7}.AppStore|ARM.Build.0 = Release|Any CPU
		{2510C7CD-97E2-4332-87AF-6D278D2DB9C7}.AppStore|iPhone.ActiveCfg = Release|Any CPU
		{2510C7CD-97E2-4332-87AF-6D278D2DB9C7}.AppStore|iPhone.Build.0 = Release|Any CPU
		{2510C7CD-97E2-4332-87AF-6D278D2DB9C7}.AppStore|iPhoneSimulator.ActiveCfg = Release|Any CPU
		{2510C7CD-97E2-4332-87AF-6D278D2DB9C7}.AppStore|iPhoneSimulator.Build.0 = Release|Any CPU
		{2510C7CD-97E2-4332-87AF-6D278D2DB9C7}.AppStore|x64.ActiveCfg = Release|Any CPU
		{2510C7CD-97E2-4332-87AF-6D278D2DB9C7}.AppStore|x64.Build.0 = Release|Any CPU
		{2510C7CD-97E2-4332-87AF-6D278D2DB9C7}.AppStore|x86.ActiveCfg = Release|Any CPU
		{2510C7CD-97E2-4332-87AF-6D278D2DB9C7}.AppStore|x86.Build.0 = Release|Any CPU
		{2510C7CD-97E2-4332-87AF-6D278D2DB9C7}.Debug|Any CPU.ActiveCfg = Debug|Any CPU
		{2510C7CD-97E2-4332-87AF-6D278D2DB9C7}.Debug|Any CPU.Build.0 = Debug|Any CPU
		{2510C7CD-97E2-4332-87AF-6D278D2DB9C7}.Debug|ARM.ActiveCfg = Debug|Any CPU
		{2510C7CD-97E2-4332-87AF-6D278D2DB9C7}.Debug|ARM.Build.0 = Debug|Any CPU
		{2510C7CD-97E2-4332-87AF-6D278D2DB9C7}.Debug|iPhone.ActiveCfg = Debug|Any CPU
		{2510C7CD-97E2-4332-87AF-6D278D2DB9C7}.Debug|iPhone.Build.0 = Debug|Any CPU
		{2510C7CD-97E2-4332-87AF-6D278D2DB9C7}.Debug|iPhoneSimulator.ActiveCfg = Debug|Any CPU
		{2510C7CD-97E2-4332-87AF-6D278D2DB9C7}.Debug|iPhoneSimulator.Build.0 = Debug|Any CPU
		{2510C7CD-97E2-4332-87AF-6D278D2DB9C7}.Debug|x64.ActiveCfg = Debug|Any CPU
		{2510C7CD-97E2-4332-87AF-6D278D2DB9C7}.Debug|x64.Build.0 = Debug|Any CPU
		{2510C7CD-97E2-4332-87AF-6D278D2DB9C7}.Debug|x86.ActiveCfg = Debug|Any CPU
		{2510C7CD-97E2-4332-87AF-6D278D2DB9C7}.Debug|x86.Build.0 = Debug|Any CPU
		{2510C7CD-97E2-4332-87AF-6D278D2DB9C7}.Release|Any CPU.ActiveCfg = Release|Any CPU
		{2510C7CD-97E2-4332-87AF-6D278D2DB9C7}.Release|Any CPU.Build.0 = Release|Any CPU
		{2510C7CD-97E2-4332-87AF-6D278D2DB9C7}.Release|ARM.ActiveCfg = Release|Any CPU
		{2510C7CD-97E2-4332-87AF-6D278D2DB9C7}.Release|ARM.Build.0 = Release|Any CPU
		{2510C7CD-97E2-4332-87AF-6D278D2DB9C7}.Release|iPhone.ActiveCfg = Release|Any CPU
		{2510C7CD-97E2-4332-87AF-6D278D2DB9C7}.Release|iPhone.Build.0 = Release|Any CPU
		{2510C7CD-97E2-4332-87AF-6D278D2DB9C7}.Release|iPhoneSimulator.ActiveCfg = Release|Any CPU
		{2510C7CD-97E2-4332-87AF-6D278D2DB9C7}.Release|iPhoneSimulator.Build.0 = Release|Any CPU
		{2510C7CD-97E2-4332-87AF-6D278D2DB9C7}.Release|x64.ActiveCfg = Release|Any CPU
		{2510C7CD-97E2-4332-87AF-6D278D2DB9C7}.Release|x64.Build.0 = Release|Any CPU
		{2510C7CD-97E2-4332-87AF-6D278D2DB9C7}.Release|x86.ActiveCfg = Release|Any CPU
		{2510C7CD-97E2-4332-87AF-6D278D2DB9C7}.Release|x86.Build.0 = Release|Any CPU
		{4D6A4265-941A-4953-9DBB-AD1941BEDBD2}.Ad-Hoc|Any CPU.ActiveCfg = Release|x86
		{4D6A4265-941A-4953-9DBB-AD1941BEDBD2}.Ad-Hoc|Any CPU.Build.0 = Release|x86
		{4D6A4265-941A-4953-9DBB-AD1941BEDBD2}.Ad-Hoc|Any CPU.Deploy.0 = Release|x86
		{4D6A4265-941A-4953-9DBB-AD1941BEDBD2}.Ad-Hoc|ARM.ActiveCfg = Release|ARM
		{4D6A4265-941A-4953-9DBB-AD1941BEDBD2}.Ad-Hoc|ARM.Build.0 = Release|ARM
		{4D6A4265-941A-4953-9DBB-AD1941BEDBD2}.Ad-Hoc|ARM.Deploy.0 = Release|ARM
		{4D6A4265-941A-4953-9DBB-AD1941BEDBD2}.Ad-Hoc|iPhone.ActiveCfg = Release|x86
		{4D6A4265-941A-4953-9DBB-AD1941BEDBD2}.Ad-Hoc|iPhone.Build.0 = Release|x86
		{4D6A4265-941A-4953-9DBB-AD1941BEDBD2}.Ad-Hoc|iPhone.Deploy.0 = Release|x86
		{4D6A4265-941A-4953-9DBB-AD1941BEDBD2}.Ad-Hoc|iPhoneSimulator.ActiveCfg = Release|x86
		{4D6A4265-941A-4953-9DBB-AD1941BEDBD2}.Ad-Hoc|iPhoneSimulator.Build.0 = Release|x86
		{4D6A4265-941A-4953-9DBB-AD1941BEDBD2}.Ad-Hoc|iPhoneSimulator.Deploy.0 = Release|x86
		{4D6A4265-941A-4953-9DBB-AD1941BEDBD2}.Ad-Hoc|x64.ActiveCfg = Release|x64
		{4D6A4265-941A-4953-9DBB-AD1941BEDBD2}.Ad-Hoc|x64.Build.0 = Release|x64
		{4D6A4265-941A-4953-9DBB-AD1941BEDBD2}.Ad-Hoc|x64.Deploy.0 = Release|x64
		{4D6A4265-941A-4953-9DBB-AD1941BEDBD2}.Ad-Hoc|x86.ActiveCfg = Release|x86
		{4D6A4265-941A-4953-9DBB-AD1941BEDBD2}.Ad-Hoc|x86.Build.0 = Release|x86
		{4D6A4265-941A-4953-9DBB-AD1941BEDBD2}.Ad-Hoc|x86.Deploy.0 = Release|x86
		{4D6A4265-941A-4953-9DBB-AD1941BEDBD2}.AppStore|Any CPU.ActiveCfg = Release|x86
		{4D6A4265-941A-4953-9DBB-AD1941BEDBD2}.AppStore|Any CPU.Build.0 = Release|x86
		{4D6A4265-941A-4953-9DBB-AD1941BEDBD2}.AppStore|Any CPU.Deploy.0 = Release|x86
		{4D6A4265-941A-4953-9DBB-AD1941BEDBD2}.AppStore|ARM.ActiveCfg = Release|ARM
		{4D6A4265-941A-4953-9DBB-AD1941BEDBD2}.AppStore|ARM.Build.0 = Release|ARM
		{4D6A4265-941A-4953-9DBB-AD1941BEDBD2}.AppStore|ARM.Deploy.0 = Release|ARM
		{4D6A4265-941A-4953-9DBB-AD1941BEDBD2}.AppStore|iPhone.ActiveCfg = Release|x86
		{4D6A4265-941A-4953-9DBB-AD1941BEDBD2}.AppStore|iPhone.Build.0 = Release|x86
		{4D6A4265-941A-4953-9DBB-AD1941BEDBD2}.AppStore|iPhone.Deploy.0 = Release|x86
		{4D6A4265-941A-4953-9DBB-AD1941BEDBD2}.AppStore|iPhoneSimulator.ActiveCfg = Release|x86
		{4D6A4265-941A-4953-9DBB-AD1941BEDBD2}.AppStore|iPhoneSimulator.Build.0 = Release|x86
		{4D6A4265-941A-4953-9DBB-AD1941BEDBD2}.AppStore|iPhoneSimulator.Deploy.0 = Release|x86
		{4D6A4265-941A-4953-9DBB-AD1941BEDBD2}.AppStore|x64.ActiveCfg = Release|x64
		{4D6A4265-941A-4953-9DBB-AD1941BEDBD2}.AppStore|x64.Build.0 = Release|x64
		{4D6A4265-941A-4953-9DBB-AD1941BEDBD2}.AppStore|x64.Deploy.0 = Release|x64
		{4D6A4265-941A-4953-9DBB-AD1941BEDBD2}.AppStore|x86.ActiveCfg = Release|x86
		{4D6A4265-941A-4953-9DBB-AD1941BEDBD2}.AppStore|x86.Build.0 = Release|x86
		{4D6A4265-941A-4953-9DBB-AD1941BEDBD2}.AppStore|x86.Deploy.0 = Release|x86
		{4D6A4265-941A-4953-9DBB-AD1941BEDBD2}.Debug|Any CPU.ActiveCfg = Debug|x86
		{4D6A4265-941A-4953-9DBB-AD1941BEDBD2}.Debug|ARM.ActiveCfg = Debug|ARM
		{4D6A4265-941A-4953-9DBB-AD1941BEDBD2}.Debug|ARM.Build.0 = Debug|ARM
		{4D6A4265-941A-4953-9DBB-AD1941BEDBD2}.Debug|ARM.Deploy.0 = Debug|ARM
		{4D6A4265-941A-4953-9DBB-AD1941BEDBD2}.Debug|iPhone.ActiveCfg = Debug|x86
		{4D6A4265-941A-4953-9DBB-AD1941BEDBD2}.Debug|iPhoneSimulator.ActiveCfg = Debug|x86
		{4D6A4265-941A-4953-9DBB-AD1941BEDBD2}.Debug|x64.ActiveCfg = Debug|x64
		{4D6A4265-941A-4953-9DBB-AD1941BEDBD2}.Debug|x64.Build.0 = Debug|x64
		{4D6A4265-941A-4953-9DBB-AD1941BEDBD2}.Debug|x64.Deploy.0 = Debug|x64
		{4D6A4265-941A-4953-9DBB-AD1941BEDBD2}.Debug|x86.ActiveCfg = Debug|x86
		{4D6A4265-941A-4953-9DBB-AD1941BEDBD2}.Debug|x86.Build.0 = Debug|x86
		{4D6A4265-941A-4953-9DBB-AD1941BEDBD2}.Debug|x86.Deploy.0 = Debug|x86
		{4D6A4265-941A-4953-9DBB-AD1941BEDBD2}.Release|Any CPU.ActiveCfg = Release|x86
		{4D6A4265-941A-4953-9DBB-AD1941BEDBD2}.Release|ARM.ActiveCfg = Release|ARM
		{4D6A4265-941A-4953-9DBB-AD1941BEDBD2}.Release|ARM.Build.0 = Release|ARM
		{4D6A4265-941A-4953-9DBB-AD1941BEDBD2}.Release|ARM.Deploy.0 = Release|ARM
		{4D6A4265-941A-4953-9DBB-AD1941BEDBD2}.Release|iPhone.ActiveCfg = Release|x86
		{4D6A4265-941A-4953-9DBB-AD1941BEDBD2}.Release|iPhoneSimulator.ActiveCfg = Release|x86
		{4D6A4265-941A-4953-9DBB-AD1941BEDBD2}.Release|x64.ActiveCfg = Release|x64
		{4D6A4265-941A-4953-9DBB-AD1941BEDBD2}.Release|x64.Build.0 = Release|x64
		{4D6A4265-941A-4953-9DBB-AD1941BEDBD2}.Release|x64.Deploy.0 = Release|x64
		{4D6A4265-941A-4953-9DBB-AD1941BEDBD2}.Release|x86.ActiveCfg = Release|x86
		{4D6A4265-941A-4953-9DBB-AD1941BEDBD2}.Release|x86.Build.0 = Release|x86
		{4D6A4265-941A-4953-9DBB-AD1941BEDBD2}.Release|x86.Deploy.0 = Release|x86
		{5663B99E-3493-4769-9376-B64AC0AF0BD9}.Ad-Hoc|Any CPU.ActiveCfg = Ad-Hoc|iPhoneSimulator
		{5663B99E-3493-4769-9376-B64AC0AF0BD9}.Ad-Hoc|ARM.ActiveCfg = Ad-Hoc|iPhone
		{5663B99E-3493-4769-9376-B64AC0AF0BD9}.Ad-Hoc|iPhone.ActiveCfg = Ad-Hoc|iPhone
		{5663B99E-3493-4769-9376-B64AC0AF0BD9}.Ad-Hoc|iPhone.Build.0 = Ad-Hoc|iPhone
		{5663B99E-3493-4769-9376-B64AC0AF0BD9}.Ad-Hoc|iPhoneSimulator.ActiveCfg = Ad-Hoc|iPhoneSimulator
		{5663B99E-3493-4769-9376-B64AC0AF0BD9}.Ad-Hoc|iPhoneSimulator.Build.0 = Ad-Hoc|iPhoneSimulator
		{5663B99E-3493-4769-9376-B64AC0AF0BD9}.Ad-Hoc|x64.ActiveCfg = Ad-Hoc|iPhone
		{5663B99E-3493-4769-9376-B64AC0AF0BD9}.Ad-Hoc|x86.ActiveCfg = Ad-Hoc|iPhone
		{5663B99E-3493-4769-9376-B64AC0AF0BD9}.AppStore|Any CPU.ActiveCfg = AppStore|iPhoneSimulator
		{5663B99E-3493-4769-9376-B64AC0AF0BD9}.AppStore|ARM.ActiveCfg = AppStore|iPhone
		{5663B99E-3493-4769-9376-B64AC0AF0BD9}.AppStore|iPhone.ActiveCfg = AppStore|iPhone
		{5663B99E-3493-4769-9376-B64AC0AF0BD9}.AppStore|iPhone.Build.0 = AppStore|iPhone
		{5663B99E-3493-4769-9376-B64AC0AF0BD9}.AppStore|iPhoneSimulator.ActiveCfg = AppStore|iPhoneSimulator
		{5663B99E-3493-4769-9376-B64AC0AF0BD9}.AppStore|iPhoneSimulator.Build.0 = AppStore|iPhoneSimulator
		{5663B99E-3493-4769-9376-B64AC0AF0BD9}.AppStore|x64.ActiveCfg = AppStore|iPhone
		{5663B99E-3493-4769-9376-B64AC0AF0BD9}.AppStore|x86.ActiveCfg = AppStore|iPhone
		{5663B99E-3493-4769-9376-B64AC0AF0BD9}.Debug|Any CPU.ActiveCfg = Debug|iPhoneSimulator
		{5663B99E-3493-4769-9376-B64AC0AF0BD9}.Debug|ARM.ActiveCfg = Debug|iPhone
		{5663B99E-3493-4769-9376-B64AC0AF0BD9}.Debug|iPhone.ActiveCfg = Debug|iPhone
		{5663B99E-3493-4769-9376-B64AC0AF0BD9}.Debug|iPhone.Build.0 = Debug|iPhone
		{5663B99E-3493-4769-9376-B64AC0AF0BD9}.Debug|iPhoneSimulator.ActiveCfg = Debug|iPhoneSimulator
		{5663B99E-3493-4769-9376-B64AC0AF0BD9}.Debug|iPhoneSimulator.Build.0 = Debug|iPhoneSimulator
		{5663B99E-3493-4769-9376-B64AC0AF0BD9}.Debug|x64.ActiveCfg = Debug|iPhone
		{5663B99E-3493-4769-9376-B64AC0AF0BD9}.Debug|x86.ActiveCfg = Debug|iPhone
		{5663B99E-3493-4769-9376-B64AC0AF0BD9}.Release|Any CPU.ActiveCfg = Release|iPhoneSimulator
		{5663B99E-3493-4769-9376-B64AC0AF0BD9}.Release|ARM.ActiveCfg = Release|iPhone
		{5663B99E-3493-4769-9376-B64AC0AF0BD9}.Release|iPhone.ActiveCfg = Release|iPhone
		{5663B99E-3493-4769-9376-B64AC0AF0BD9}.Release|iPhone.Build.0 = Release|iPhone
		{5663B99E-3493-4769-9376-B64AC0AF0BD9}.Release|iPhoneSimulator.ActiveCfg = Release|iPhoneSimulator
		{5663B99E-3493-4769-9376-B64AC0AF0BD9}.Release|iPhoneSimulator.Build.0 = Release|iPhoneSimulator
		{5663B99E-3493-4769-9376-B64AC0AF0BD9}.Release|x64.ActiveCfg = Release|iPhone
		{5663B99E-3493-4769-9376-B64AC0AF0BD9}.Release|x86.ActiveCfg = Release|iPhone
	EndGlobalSection
	GlobalSection(SolutionProperties) = preSolution
		HideSolutionNode = FALSE
	EndGlobalSection
	GlobalSection(ExtensibilityGlobals) = postSolution
		SolutionGuid = {351DB058-C336-487D-BCA8-C76E9213B937}
	EndGlobalSection
EndGlobal
